{
  "name": "ilp-plugin-xrp-asym-client",
  "version": "0.0.1",
  "lockfileVersion": 1,
  "requires": true,
  "dependencies": {
    "agent-base": {
      "version": "2.1.1",
      "resolved": "https://registry.npmjs.org/agent-base/-/agent-base-2.1.1.tgz",
      "integrity": "sha1-1t4Q1a9hMtW9aSQn1G/FOFOQlMc=",
      "requires": {
        "extend": "3.0.1",
        "semver": "5.0.3"
      }
    },
    "assert": {
      "version": "1.4.1",
      "resolved": "https://registry.npmjs.org/assert/-/assert-1.4.1.tgz",
      "integrity": "sha1-mZEtWRg2tab1s0XA8H7vwI/GXZE=",
      "requires": {
        "util": "0.10.3"
      }
    },
    "async-limiter": {
      "version": "1.0.0",
      "resolved": "https://registry.npmjs.org/async-limiter/-/async-limiter-1.0.0.tgz",
      "integrity": "sha512-jp/uFnooOiO+L211eZOoSyzpOITMXx1rBITauYykG3BRYPu8h0UcxsPNB04RR5vo4Tyz3+ay17tR6JVf9qzYWg=="
    },
    "babel-runtime": {
      "version": "6.26.0",
      "resolved": "https://registry.npmjs.org/babel-runtime/-/babel-runtime-6.26.0.tgz",
      "integrity": "sha1-llxwWGaOgrVde/4E/yM3vItWR/4=",
      "requires": {
        "core-js": "2.5.3",
        "regenerator-runtime": "0.11.1"
      }
    },
    "base-x": {
      "version": "1.1.0",
      "resolved": "https://registry.npmjs.org/base-x/-/base-x-1.1.0.tgz",
      "integrity": "sha1-QtPXF0dPnqAiB/bRqh9CaRPut6w="
    },
    "base64url": {
      "version": "2.0.0",
      "resolved": "https://registry.npmjs.org/base64url/-/base64url-2.0.0.tgz",
      "integrity": "sha1-6sFuA+oUOO/5Qj1puqNiYu0fcLs="
    },
    "bignumber.js": {
      "version": "5.0.0",
      "resolved": "https://registry.npmjs.org/bignumber.js/-/bignumber.js-5.0.0.tgz",
      "integrity": "sha512-KWTu6ZMVk9sxlDJQh2YH1UOnfDP8O8TpxUxgQG/vKASoSnEjK9aVuOueFaPcQEYQ5fyNXNTOYwYw3099RYebWg=="
    },
    "bn.js": {
      "version": "4.11.8",
      "resolved": "https://registry.npmjs.org/bn.js/-/bn.js-4.11.8.tgz",
      "integrity": "sha512-ItfYfPLkWHUjckQCk8xC+LwxgK8NYcXywGigJgSwOP8Y2iyWT4f2vsZnoOXTTbo+o5yXmIUJ4gn5538SO5S3gA=="
    },
    "brorand": {
      "version": "1.1.0",
      "resolved": "https://registry.npmjs.org/brorand/-/brorand-1.1.0.tgz",
      "integrity": "sha1-EsJe/kCkXjwyPrhnWgoM5XsiNx8="
    },
    "btp-packet": {
      "version": "1.2.0",
      "resolved": "https://registry.npmjs.org/btp-packet/-/btp-packet-1.2.0.tgz",
      "integrity": "sha1-52w4bNLC/EL6I7azQjCys3/Zghk=",
      "requires": {
        "base64url": "2.0.0",
        "bignumber.js": "4.1.0",
        "dateformat": "2.2.0",
        "oer-utils": "1.3.4",
        "uuid-parse": "1.0.0"
      },
      "dependencies": {
        "bignumber.js": {
          "version": "4.1.0",
          "resolved": "https://registry.npmjs.org/bignumber.js/-/bignumber.js-4.1.0.tgz",
          "integrity": "sha512-eJzYkFYy9L4JzXsbymsFn3p54D+llV27oTQ+ziJG7WFRheJcNZilgVXMG0LoZtlQSKBsJdWtLFqOD0u+U0jZKA=="
        }
      }
    },
    "cipher-base": {
      "version": "1.0.4",
      "resolved": "https://registry.npmjs.org/cipher-base/-/cipher-base-1.0.4.tgz",
      "integrity": "sha512-Kkht5ye6ZGmwv40uUDZztayT2ThLQGfnj/T71N/XzeZeo3nf8foyW7zGTsPYkEya3m5f3cAypH+qe7YOrM1U2Q==",
      "requires": {
        "inherits": "2.0.1",
        "safe-buffer": "5.1.1"
      }
    },
    "core-js": {
      "version": "2.5.3",
      "resolved": "https://registry.npmjs.org/core-js/-/core-js-2.5.3.tgz",
      "integrity": "sha1-isw4NFgk8W2DZbfJtCWRaOjtYD4="
    },
    "create-hash": {
      "version": "1.1.3",
      "resolved": "https://registry.npmjs.org/create-hash/-/create-hash-1.1.3.tgz",
      "integrity": "sha1-YGBCrIuSYnUPSDyt2rD1gZFy2P0=",
      "requires": {
        "cipher-base": "1.0.4",
        "inherits": "2.0.1",
        "ripemd160": "2.0.1",
        "sha.js": "2.4.9"
      }
    },
    "dateformat": {
      "version": "2.2.0",
      "resolved": "https://registry.npmjs.org/dateformat/-/dateformat-2.2.0.tgz",
      "integrity": "sha1-QGXiATz5+5Ft39gu+1Bq1MZ2kGI="
    },
    "debug": {
      "version": "3.1.0",
      "resolved": "https://registry.npmjs.org/debug/-/debug-3.1.0.tgz",
      "integrity": "sha512-OX8XqP7/1a9cqkxYw2yXss15f26NKWBpDXQd0/uK/KPqdQhxbPa994hnzjcE2VqQpDslf55723cKPUOGSmMY3g==",
      "requires": {
        "ms": "2.0.0"
      }
    },
    "decimal.js": {
      "version": "5.0.8",
      "resolved": "https://registry.npmjs.org/decimal.js/-/decimal.js-5.0.8.tgz",
      "integrity": "sha1-tIw/t9c6LU1JQOCzjxzSHbWzZ84="
    },
    "elliptic": {
      "version": "5.2.1",
      "resolved": "https://registry.npmjs.org/elliptic/-/elliptic-5.2.1.tgz",
      "integrity": "sha1-+ilLZWPG3bybo9yFlGh66ECFjxA=",
      "requires": {
        "bn.js": "3.3.0",
        "brorand": "1.1.0",
        "hash.js": "1.1.3",
        "inherits": "2.0.1"
      },
      "dependencies": {
        "bn.js": {
          "version": "3.3.0",
          "resolved": "https://registry.npmjs.org/bn.js/-/bn.js-3.3.0.tgz",
          "integrity": "sha1-ETjld4if3Je72rUYRPIZDfwK49c="
        }
      }
    },
    "eventemitter2": {
      "version": "5.0.0",
      "resolved": "https://registry.npmjs.org/eventemitter2/-/eventemitter2-5.0.0.tgz",
      "integrity": "sha1-1/fiVrYxSTgxjl7U/RKsZXJJYsY="
    },
    "extend": {
      "version": "3.0.1",
      "resolved": "https://registry.npmjs.org/extend/-/extend-3.0.1.tgz",
      "integrity": "sha1-p1Xqe8Gt/MWjHOfnYtuq3F5jZEQ="
    },
    "hash-base": {
      "version": "2.0.2",
      "resolved": "https://registry.npmjs.org/hash-base/-/hash-base-2.0.2.tgz",
      "integrity": "sha1-ZuodhW206KVHDK32/OI65SRO8uE=",
      "requires": {
        "inherits": "2.0.1"
      }
    },
    "hash.js": {
      "version": "1.1.3",
      "resolved": "https://registry.npmjs.org/hash.js/-/hash.js-1.1.3.tgz",
      "integrity": "sha512-/UETyP0W22QILqS+6HowevwhEFJ3MBJnwTf75Qob9Wz9t0DPuisL8kW8YZMK62dHAKE1c1p+gY1TtOLY+USEHA==",
      "requires": {
        "inherits": "2.0.3",
        "minimalistic-assert": "1.0.0"
      },
      "dependencies": {
        "inherits": {
          "version": "2.0.3",
          "resolved": "https://registry.npmjs.org/inherits/-/inherits-2.0.3.tgz",
          "integrity": "sha1-Yzwsg+PaQqUC9SRmAiSA9CCCYd4="
        }
      }
    },
    "https-proxy-agent": {
      "version": "1.0.0",
      "resolved": "https://registry.npmjs.org/https-proxy-agent/-/https-proxy-agent-1.0.0.tgz",
      "integrity": "sha1-NffabEjOTdv6JkiRrFk+5f+GceY=",
      "requires": {
        "agent-base": "2.1.1",
        "debug": "2.6.9",
        "extend": "3.0.1"
      },
      "dependencies": {
        "debug": {
          "version": "2.6.9",
          "resolved": "https://registry.npmjs.org/debug/-/debug-2.6.9.tgz",
          "integrity": "sha512-bC7ElrdJaJnPbAP+1EotYvqZsb3ecl5wi6Bfi6BJTUcNowp6cvspg0jXznRTKDjm/E7AdgFBVeAPVMNcKGsHMA==",
          "requires": {
            "ms": "2.0.0"
          }
        }
      }
    },
    "ilp-plugin-btp": {
      "version": "1.1.2",
      "resolved": "https://registry.npmjs.org/ilp-plugin-btp/-/ilp-plugin-btp-1.1.2.tgz",
      "integrity": "sha1-EWIk0MfOm6cs5xlN8ff1MRJTjko=",
      "requires": {
        "base64url": "2.0.0",
        "btp-packet": "1.2.0",
        "debug": "3.1.0",
        "eventemitter2": "5.0.0",
        "ws": "3.3.3"
      },
      "dependencies": {
        "ws": {
          "version": "3.3.3",
          "resolved": "https://registry.npmjs.org/ws/-/ws-3.3.3.tgz",
          "integrity": "sha512-nnWLa/NwZSt4KQJu51MYlCcSQ5g7INpOrOMt4XV8j4dqTXdmlUmSHQ8/oLC069ckre0fRsgfvsKwbTdtKLCDkA==",
          "requires": {
            "async-limiter": "1.0.0",
            "safe-buffer": "5.1.1",
            "ultron": "1.1.1"
          }
        }
      }
    },
    "ilp-plugin-xrp-paychan-shared": {
      "version": "github:dappelt/ilp-plugin-xrp-paychan-shared#03b51fd6b786af5865c85e9c0f5d0462dd3f6b2d",
      "requires": {
        "debug": "3.1.0",
        "eventemitter2": "5.0.0",
        "ripple-lib": "0.17.9"
      }
    },
    "inherits": {
      "version": "2.0.1",
      "resolved": "https://registry.npmjs.org/inherits/-/inherits-2.0.1.tgz",
      "integrity": "sha1-sX0I0ya0Qj5Wjv9xn5GwscvfafE="
    },
    "jsonschema": {
      "version": "1.2.2",
      "resolved": "https://registry.npmjs.org/jsonschema/-/jsonschema-1.2.2.tgz",
      "integrity": "sha512-iX5OFQ6yx9NgbHCwse51ohhKgLuLL7Z5cNOeZOPIlDUtAMrxlruHLzVZxbltdHE5mEDXN+75oFOwq6Gn0MZwsA=="
    },
    "lodash": {
      "version": "4.17.4",
      "resolved": "https://registry.npmjs.org/lodash/-/lodash-4.17.4.tgz",
      "integrity": "sha1-eCA6TRwyiuHYbcpkYONptX9AVa4="
    },
    "minimalistic-assert": {
      "version": "1.0.0",
      "resolved": "https://registry.npmjs.org/minimalistic-assert/-/minimalistic-assert-1.0.0.tgz",
      "integrity": "sha1-cCvi3aazf0g2vLP121ZkG2Sh09M="
    },
    "ms": {
      "version": "2.0.0",
      "resolved": "https://registry.npmjs.org/ms/-/ms-2.0.0.tgz",
      "integrity": "sha1-VgiurfwAvmwpAd9fmGF4jeDVl8g="
    },
    "oer-utils": {
      "version": "1.3.4",
      "resolved": "https://registry.npmjs.org/oer-utils/-/oer-utils-1.3.4.tgz",
      "integrity": "sha1-sqmtvJK8GRVaKgDwRWg9Hm1KyCM="
    },
    "regenerator-runtime": {
      "version": "0.11.1",
      "resolved": "https://registry.npmjs.org/regenerator-runtime/-/regenerator-runtime-0.11.1.tgz",
      "integrity": "sha512-MguG95oij0fC3QV3URf4V2SDYGJhJnJGqvIIgdECeODCT98wSWDAJ94SSuVpYQUoTcGUIL6L4yNB7j1DFFHSBg=="
    },
    "ripemd160": {
      "version": "2.0.1",
      "resolved": "https://registry.npmjs.org/ripemd160/-/ripemd160-2.0.1.tgz",
      "integrity": "sha1-D0WEKVxTo2KK9+bXmsohzlfRxuc=",
      "requires": {
        "hash-base": "2.0.2",
        "inherits": "2.0.1"
      }
    },
    "ripple-address-codec": {
      "version": "2.0.1",
      "resolved": "https://registry.npmjs.org/ripple-address-codec/-/ripple-address-codec-2.0.1.tgz",
      "integrity": "sha1-7dvjp5YNLgLFwcdPuan6DS37ZXE=",
      "requires": {
        "hash.js": "1.1.3",
        "x-address-codec": "0.7.2"
      }
    },
    "ripple-binary-codec": {
      "version": "0.1.12",
      "resolved": "https://registry.npmjs.org/ripple-binary-codec/-/ripple-binary-codec-0.1.12.tgz",
      "integrity": "sha1-MPthqNW/YTAYmWFsb4QuOTCC44U=",
      "requires": {
        "babel-runtime": "6.26.0",
        "bn.js": "4.11.8",
        "create-hash": "1.1.3",
        "decimal.js": "5.0.8",
        "inherits": "2.0.1",
        "lodash": "4.17.4",
        "ripple-address-codec": "2.0.1"
      }
    },
    "ripple-hashes": {
      "version": "0.3.1",
      "resolved": "https://registry.npmjs.org/ripple-hashes/-/ripple-hashes-0.3.1.tgz",
      "integrity": "sha1-8vRvH/BeZIdQCpmDkBkRTNJIJBE=",
      "requires": {
        "bignumber.js": "4.1.0",
        "create-hash": "1.1.3",
        "ripple-address-codec": "2.0.1",
        "ripple-binary-codec": "0.1.12"
      },
      "dependencies": {
        "bignumber.js": {
          "version": "4.1.0",
          "resolved": "https://registry.npmjs.org/bignumber.js/-/bignumber.js-4.1.0.tgz",
          "integrity": "sha512-eJzYkFYy9L4JzXsbymsFn3p54D+llV27oTQ+ziJG7WFRheJcNZilgVXMG0LoZtlQSKBsJdWtLFqOD0u+U0jZKA=="
        }
      }
    },
    "ripple-keypairs": {
      "version": "0.10.1",
      "resolved": "https://registry.npmjs.org/ripple-keypairs/-/ripple-keypairs-0.10.1.tgz",
      "integrity": "sha1-73lrUZuyAmglFefN1gY3YmNpQ+Y=",
      "requires": {
        "babel-runtime": "5.8.38",
        "bn.js": "3.3.0",
        "brorand": "1.1.0",
        "elliptic": "5.2.1",
        "hash.js": "1.1.3",
        "ripple-address-codec": "2.0.1"
      },
      "dependencies": {
        "babel-runtime": {
          "version": "5.8.38",
          "resolved": "https://registry.npmjs.org/babel-runtime/-/babel-runtime-5.8.38.tgz",
          "integrity": "sha1-HAsC62MxL18If/IEUIJ7QlydTBk=",
          "requires": {
            "core-js": "1.2.7"
          }
        },
        "bn.js": {
          "version": "3.3.0",
          "resolved": "https://registry.npmjs.org/bn.js/-/bn.js-3.3.0.tgz",
          "integrity": "sha1-ETjld4if3Je72rUYRPIZDfwK49c="
        },
        "core-js": {
          "version": "1.2.7",
          "resolved": "https://registry.npmjs.org/core-js/-/core-js-1.2.7.tgz",
          "integrity": "sha1-ZSKUwUZR2yj6k70tX/KYOk8IxjY="
        }
      }
    },
    "ripple-lib": {
      "version": "0.17.9",
      "resolved": "https://registry.npmjs.org/ripple-lib/-/ripple-lib-0.17.9.tgz",
      "integrity": "sha1-eSipZejwoEKmUjm9XNi/PdIuyBw=",
      "requires": {
        "bignumber.js": "4.1.0",
        "https-proxy-agent": "1.0.0",
        "jsonschema": "1.2.2",
        "lodash": "4.17.4",
        "ripple-address-codec": "2.0.1",
        "ripple-binary-codec": "0.1.12",
        "ripple-hashes": "0.3.1",
        "ripple-keypairs": "0.10.1",
        "ripple-lib-transactionparser": "0.6.2",
        "ws": "3.3.3"
      },
      "dependencies": {
        "bignumber.js": {
          "version": "4.1.0",
          "resolved": "https://registry.npmjs.org/bignumber.js/-/bignumber.js-4.1.0.tgz",
          "integrity": "sha512-eJzYkFYy9L4JzXsbymsFn3p54D+llV27oTQ+ziJG7WFRheJcNZilgVXMG0LoZtlQSKBsJdWtLFqOD0u+U0jZKA=="
        },
        "ws": {
          "version": "3.3.3",
          "resolved": "https://registry.npmjs.org/ws/-/ws-3.3.3.tgz",
          "integrity": "sha512-nnWLa/NwZSt4KQJu51MYlCcSQ5g7INpOrOMt4XV8j4dqTXdmlUmSHQ8/oLC069ckre0fRsgfvsKwbTdtKLCDkA==",
          "requires": {
            "async-limiter": "1.0.0",
            "safe-buffer": "5.1.1",
            "ultron": "1.1.1"
          }
        }
      }
    },
    "ripple-lib-transactionparser": {
      "version": "0.6.2",
      "resolved": "https://registry.npmjs.org/ripple-lib-transactionparser/-/ripple-lib-transactionparser-0.6.2.tgz",
      "integrity": "sha1-6xF4NIFsqzOYRFp07Dys7JW2tfo=",
      "requires": {
        "bignumber.js": "4.1.0",
        "lodash": "4.17.4"
      },
      "dependencies": {
        "bignumber.js": {
          "version": "4.1.0",
          "resolved": "https://registry.npmjs.org/bignumber.js/-/bignumber.js-4.1.0.tgz",
          "integrity": "sha512-eJzYkFYy9L4JzXsbymsFn3p54D+llV27oTQ+ziJG7WFRheJcNZilgVXMG0LoZtlQSKBsJdWtLFqOD0u+U0jZKA=="
        }
      }
    },
    "safe-buffer": {
      "version": "5.1.1",
      "resolved": "https://registry.npmjs.org/safe-buffer/-/safe-buffer-5.1.1.tgz",
      "integrity": "sha512-kKvNJn6Mm93gAczWVJg7wH+wGYWNrDHdWvpUmHyEsgCtIwwo3bqPtV4tR5tuPaUhTOo/kvhVwd8XwwOllGYkbg=="
    },
    "semver": {
      "version": "5.0.3",
      "resolved": "https://registry.npmjs.org/semver/-/semver-5.0.3.tgz",
      "integrity": "sha1-d0Zt5YnNXTyV8TiqeLxWmjy10no="
    },
    "sha.js": {
      "version": "2.4.9",
      "resolved": "https://registry.npmjs.org/sha.js/-/sha.js-2.4.9.tgz",
      "integrity": "sha512-G8zektVqbiPHrylgew9Zg1VRB1L/DtXNUVAM6q4QLy8NE3qtHlFXTf8VLL4k1Yl6c7NMjtZUTdXV+X44nFaT6A==",
      "requires": {
        "inherits": "2.0.1",
        "safe-buffer": "5.1.1"
      }
    },
    "tweetnacl": {
      "version": "1.0.0",
      "resolved": "https://registry.npmjs.org/tweetnacl/-/tweetnacl-1.0.0.tgz",
      "integrity": "sha1-cT2LgY2kIGh0C/aDhtBHnmb8ins="
    },
    "ultron": {
      "version": "1.1.1",
      "resolved": "https://registry.npmjs.org/ultron/-/ultron-1.1.1.tgz",
      "integrity": "sha512-UIEXBNeYmKptWH6z8ZnqTeS8fV74zG0/eRU9VGkpzz+LIJNs8W/zM/L+7ctCkRrgbNnnR0xxw4bKOr0cW0N0Og=="
    },
    "util": {
      "version": "0.10.3",
      "resolved": "https://registry.npmjs.org/util/-/util-0.10.3.tgz",
      "integrity": "sha1-evsa/lCAUkZInj23/g7TeTNqwPk=",
      "requires": {
        "inherits": "2.0.1"
      }
    },
    "uuid-parse": {
      "version": "1.0.0",
      "resolved": "https://registry.npmjs.org/uuid-parse/-/uuid-parse-1.0.0.tgz",
      "integrity": "sha1-9GV3F2JLDkuIrzb5jYlYmlu+5Wk="
    },
    "ws": {
      "version": "4.0.0",
      "resolved": "https://registry.npmjs.org/ws/-/ws-4.0.0.tgz",
      "integrity": "sha512-QYslsH44bH8O7/W2815u5DpnCpXWpEK44FmaHffNwgJI4JMaSZONgPBTOfrxJ29mXKbXak+LsJ2uAkDTYq2ptQ==",
      "requires": {
        "async-limiter": "1.0.0",
        "safe-buffer": "5.1.1",
        "ultron": "1.1.1"
      }
    },
    "x-address-codec": {
      "version": "0.7.2",
      "resolved": "https://registry.npmjs.org/x-address-codec/-/x-address-codec-0.7.2.tgz",
      "integrity": "sha1-Ki97sAJ4UgvRNzOnlZoFRD1oAuA=",
      "requires": {
        "base-x": "1.1.0"
      }
    }
  }
}
